{
  "name": "sw-plugins",
  "version": "1.0.5",
  "lockfileVersion": 2,
  "requires": true,
  "packages": {
    "": {
      "name": "sw-plugins",
      "version": "1.0.5",
      "license": "MIT",
      "dependencies": {
        "vatom-spaces-plugins": "^1.1.6"
      }
    },
    "node_modules/vatom-spaces-plugins": {
      "version": "1.1.6",
      "resolved": "https://registry.npmjs.org/vatom-spaces-plugins/-/vatom-spaces-plugins-1.1.6.tgz",
      "integrity": "sha512-VIp8zEtbSoHZYxybQLKq++FEHQKXUNSSLXmycsTWqccJwi65Y3ysvG2VkVjC8smTa9iYuUhb/KzgvsXGz6ck8g=="
    }
  },
  "dependencies": {
    "vatom-spaces-plugins": {
      "version": "1.1.6",
      "resolved": "https://registry.npmjs.org/vatom-spaces-plugins/-/vatom-spaces-plugins-1.1.6.tgz",
      "integrity": "sha512-VIp8zEtbSoHZYxybQLKq++FEHQKXUNSSLXmycsTWqccJwi65Y3ysvG2VkVjC8smTa9iYuUhb/KzgvsXGz6ck8g=="
    }
  }
}
