{
  "name": "sw-plugins",
  "version": "1.0.5",
  "lockfileVersion": 2,
  "requires": true,
  "packages": {
    "": {
      "name": "sw-plugins",
      "version": "1.0.5",
      "license": "MIT",
      "dependencies": {
        "vatom-spaces-plugins": "^1.0.1"
      }
    },
    "node_modules/vatom-spaces-plugins": {
      "version": "1.0.1",
      "resolved": "https://registry.npmjs.org/vatom-spaces-plugins/-/vatom-spaces-plugins-1.0.1.tgz",
      "integrity": "sha512-h/Z2bdU3yTcCgoREsooIpMiEL5DeP/1WmW/83H5Rk+OwsMRcZZSBqsNjHpp/dmpbnu8bpVF5Mg1+dsMehFcy6Q=="
    }
  },
  "dependencies": {
    "vatom-spaces-plugins": {
      "version": "1.0.1",
      "resolved": "https://registry.npmjs.org/vatom-spaces-plugins/-/vatom-spaces-plugins-1.0.1.tgz",
      "integrity": "sha512-h/Z2bdU3yTcCgoREsooIpMiEL5DeP/1WmW/83H5Rk+OwsMRcZZSBqsNjHpp/dmpbnu8bpVF5Mg1+dsMehFcy6Q=="
    }
  }
}
