{
  "name": "sw-plugins",
  "version": "1.0.5",
  "lockfileVersion": 2,
  "requires": true,
  "packages": {
    "": {
      "name": "sw-plugins",
      "version": "1.0.5",
      "license": "MIT",
      "dependencies": {
        "vatom-spaces-plugins": "^1.1.4"
      }
    },
    "node_modules/vatom-spaces-plugins": {
      "version": "1.1.4",
      "resolved": "https://registry.npmjs.org/vatom-spaces-plugins/-/vatom-spaces-plugins-1.1.4.tgz",
      "integrity": "sha512-Js8YnZ4pHHiSsZ6yfIMcQwIdWMpzRCsYJukyjPZllBjfcSMgJUdUR4ESd/Bdg96owTTNCqP/eJ8iDdbiyd+XvA==",
      "license": "ISC"
    }
  },
  "dependencies": {
    "vatom-spaces-plugins": {
      "version": "1.1.4",
      "resolved": "https://registry.npmjs.org/vatom-spaces-plugins/-/vatom-spaces-plugins-1.1.4.tgz",
      "integrity": "sha512-Js8YnZ4pHHiSsZ6yfIMcQwIdWMpzRCsYJukyjPZllBjfcSMgJUdUR4ESd/Bdg96owTTNCqP/eJ8iDdbiyd+XvA=="
    }
  }
}
