{
  "id": "coinpickupgame",
  "name": "Coin Pick Up Game Plugin",
  "version": "1.0.0",
  "beta": true,
  "description": "Coin Pick Up Game Description",
  "longDescription": "This plugin adds a game-like element to the SpatialWeb. It automatically drops "coins" which can then be collected by users by walking over it. Each coin simply increases an overall score counter.",
  "configuration": "",
  "category": "Fun",
  "businessId": "<YOUR BUSINESS ID HERE>",
  "price": 0,
  "releaseNotes": " ",
  "entrypoint": ""
}